
Microsoft Visual Studio Solution File, Format Version 12.00
# Visual Studio 2012
Project("{2150E333-8FDC-42A3-9474-1A3956D46DE8}") = "Presentation", "Presentation", "{A074A64F-39C4-426E-AF8C-4E8387DBEA1C}"
EndProject
Project("{2150E333-8FDC-42A3-9474-1A3956D46DE8}") = "Test", "Test", "{CC63EC6F-9E7F-4F0B-921D-5CBA920FA2B6}"
EndProject
Project("{2150E333-8FDC-42A3-9474-1A3956D46DE8}") = "Libraries", "Libraries", "{64281DD6-F85B-4249-966D-332438E35958}"
EndProject
Project("{2150E333-8FDC-42A3-9474-1A3956D46DE8}") = "Plugins", "Plugins", "{7FAA944B-2F3B-4B40-AE66-1FF796E3070A}"
EndProject
Project("{FAE04EC0-301F-11D3-BF4B-00C04F79EFBC}") = "MVCStore.Core", "Libraries\MVCStore.Core\MVCStore.Core.csproj", "{4435922E-C6F4-42AE-A6AC-C1161E30C4BE}"
EndProject
Project("{FAE04EC0-301F-11D3-BF4B-00C04F79EFBC}") = "MVCStore.Data", "Libraries\MVCStore.Data\MVCStore.Data.csproj", "{69B22B18-DFDC-430D-A753-3BB621EA2876}"
EndProject
Project("{FAE04EC0-301F-11D3-BF4B-00C04F79EFBC}") = "MVCStore.Services", "Libraries\MVCStore.Services\MVCStore.Services.csproj", "{B829FE87-E827-4C4B-8282-4ABE2D0737CC}"
EndProject
Project("{FAE04EC0-301F-11D3-BF4B-00C04F79EFBC}") = "MVCStore.Plugin.Payments.CashOnDelivery", "Plugins\MVCStore.Plugin.Payments.CashOnDelivery\MVCStore.Plugin.Payments.CashOnDelivery.csproj", "{B05BE99D-5921-4F4A-8A4D-FED09CC2CEE5}"
EndProject
Project("{FAE04EC0-301F-11D3-BF4B-00C04F79EFBC}") = "MVCStore.Plugin.Payments.CheckMoneyOrder", "Plugins\MVCStore.Plugin.Payments.CheckMoneyOrder\MVCStore.Plugin.Payments.CheckMoneyOrder.csproj", "{78154AF2-87A9-4F76-B2C5-425D68E18596}"
EndProject
Project("{FAE04EC0-301F-11D3-BF4B-00C04F79EFBC}") = "MVCStore.Plugin.Shipping.Fedex", "Plugins\MVCStore.Plugin.Shipping.Fedex\MVCStore.Plugin.Shipping.Fedex.csproj", "{3EE2B19C-69F0-42F9-B061-E1868DF41A83}"
EndProject
Project("{FAE04EC0-301F-11D3-BF4B-00C04F79EFBC}") = "MVCStore.Plugin.Shipping.UPS", "Plugins\MVCStore.Plugin.Shipping.UPS\MVCStore.Plugin.Shipping.UPS.csproj", "{0CA63BD0-5B57-4B6D-AC91-8998637AD29E}"
EndProject
Project("{FAE04EC0-301F-11D3-BF4B-00C04F79EFBC}") = "MVCStore.Framework", "Presentation\MVCStore.Framework\MVCStore.Framework.csproj", "{F42E54CE-F5E2-4327-9B89-BE06DE8A552A}"
EndProject
Project("{FAE04EC0-301F-11D3-BF4B-00C04F79EFBC}") = "MVCStore.Web", "Presentation\MVCStore.Web\MVCStore.Web.csproj", "{C1ACB0AC-0FB2-4910-BDEC-E3964E0A3B39}"
EndProject
Project("{FAE04EC0-301F-11D3-BF4B-00C04F79EFBC}") = "MVCStore.Admin.Tests", "Test\MVCStore.Admin.Tests\MVCStore.Admin.Tests.csproj", "{BF12D2A8-8C09-49D9-8DDF-C7FBF2E17AB7}"
EndProject
Project("{FAE04EC0-301F-11D3-BF4B-00C04F79EFBC}") = "MVCStore.Web.Tests", "Test\MVCStore.Web.Tests\MVCStore.Web.Tests.csproj", "{FE61F3AC-634A-495C-9C59-A12C886DAC52}"
EndProject
Project("{FAE04EC0-301F-11D3-BF4B-00C04F79EFBC}") = "MVCStore.Admin", "Presentation\MVCStore.Web\Areas\MVCStore.Admin\MVCStore.Admin.csproj", "{7DDF11D8-5582-44F0-BE72-A0759F05CAB1}"
EndProject
Project("{FAE04EC0-301F-11D3-BF4B-00C04F79EFBC}") = "MVCStore.Plugin.Auth.AspNetMembership", "MVCStore.Plugin.Auth.AspNetMembership\MVCStore.Plugin.Auth.AspNetMembership.csproj", "{9ECB545A-12F8-4943-B2F2-EE1597A2C08B}"
EndProject
Project("{FAE04EC0-301F-11D3-BF4B-00C04F79EFBC}") = "MVCStore.Plugin.IOC", "MVCStore.Plugin.IOC\MVCStore.Plugin.IOC.csproj", "{008D77F0-2A1E-4F46-A44D-D72427734CCE}"
EndProject
Global
	GlobalSection(SolutionConfigurationPlatforms) = preSolution
		Debug|Any CPU = Debug|Any CPU
		Release|Any CPU = Release|Any CPU
	EndGlobalSection
	GlobalSection(ProjectConfigurationPlatforms) = postSolution
		{4435922E-C6F4-42AE-A6AC-C1161E30C4BE}.Debug|Any CPU.ActiveCfg = Debug|Any CPU
		{4435922E-C6F4-42AE-A6AC-C1161E30C4BE}.Debug|Any CPU.Build.0 = Debug|Any CPU
		{4435922E-C6F4-42AE-A6AC-C1161E30C4BE}.Release|Any CPU.ActiveCfg = Release|Any CPU
		{4435922E-C6F4-42AE-A6AC-C1161E30C4BE}.Release|Any CPU.Build.0 = Release|Any CPU
		{69B22B18-DFDC-430D-A753-3BB621EA2876}.Debug|Any CPU.ActiveCfg = Debug|Any CPU
		{69B22B18-DFDC-430D-A753-3BB621EA2876}.Debug|Any CPU.Build.0 = Debug|Any CPU
		{69B22B18-DFDC-430D-A753-3BB621EA2876}.Release|Any CPU.ActiveCfg = Release|Any CPU
		{69B22B18-DFDC-430D-A753-3BB621EA2876}.Release|Any CPU.Build.0 = Release|Any CPU
		{B829FE87-E827-4C4B-8282-4ABE2D0737CC}.Debug|Any CPU.ActiveCfg = Debug|Any CPU
		{B829FE87-E827-4C4B-8282-4ABE2D0737CC}.Debug|Any CPU.Build.0 = Debug|Any CPU
		{B829FE87-E827-4C4B-8282-4ABE2D0737CC}.Release|Any CPU.ActiveCfg = Release|Any CPU
		{B829FE87-E827-4C4B-8282-4ABE2D0737CC}.Release|Any CPU.Build.0 = Release|Any CPU
		{B05BE99D-5921-4F4A-8A4D-FED09CC2CEE5}.Debug|Any CPU.ActiveCfg = Debug|Any CPU
		{B05BE99D-5921-4F4A-8A4D-FED09CC2CEE5}.Debug|Any CPU.Build.0 = Debug|Any CPU
		{B05BE99D-5921-4F4A-8A4D-FED09CC2CEE5}.Release|Any CPU.ActiveCfg = Release|Any CPU
		{B05BE99D-5921-4F4A-8A4D-FED09CC2CEE5}.Release|Any CPU.Build.0 = Release|Any CPU
		{78154AF2-87A9-4F76-B2C5-425D68E18596}.Debug|Any CPU.ActiveCfg = Debug|Any CPU
		{78154AF2-87A9-4F76-B2C5-425D68E18596}.Debug|Any CPU.Build.0 = Debug|Any CPU
		{78154AF2-87A9-4F76-B2C5-425D68E18596}.Release|Any CPU.ActiveCfg = Release|Any CPU
		{78154AF2-87A9-4F76-B2C5-425D68E18596}.Release|Any CPU.Build.0 = Release|Any CPU
		{3EE2B19C-69F0-42F9-B061-E1868DF41A83}.Debug|Any CPU.ActiveCfg = Debug|Any CPU
		{3EE2B19C-69F0-42F9-B061-E1868DF41A83}.Debug|Any CPU.Build.0 = Debug|Any CPU
		{3EE2B19C-69F0-42F9-B061-E1868DF41A83}.Release|Any CPU.ActiveCfg = Release|Any CPU
		{3EE2B19C-69F0-42F9-B061-E1868DF41A83}.Release|Any CPU.Build.0 = Release|Any CPU
		{0CA63BD0-5B57-4B6D-AC91-8998637AD29E}.Debug|Any CPU.ActiveCfg = Debug|Any CPU
		{0CA63BD0-5B57-4B6D-AC91-8998637AD29E}.Debug|Any CPU.Build.0 = Debug|Any CPU
		{0CA63BD0-5B57-4B6D-AC91-8998637AD29E}.Release|Any CPU.ActiveCfg = Release|Any CPU
		{0CA63BD0-5B57-4B6D-AC91-8998637AD29E}.Release|Any CPU.Build.0 = Release|Any CPU
		{F42E54CE-F5E2-4327-9B89-BE06DE8A552A}.Debug|Any CPU.ActiveCfg = Debug|Any CPU
		{F42E54CE-F5E2-4327-9B89-BE06DE8A552A}.Debug|Any CPU.Build.0 = Debug|Any CPU
		{F42E54CE-F5E2-4327-9B89-BE06DE8A552A}.Release|Any CPU.ActiveCfg = Release|Any CPU
		{F42E54CE-F5E2-4327-9B89-BE06DE8A552A}.Release|Any CPU.Build.0 = Release|Any CPU
		{C1ACB0AC-0FB2-4910-BDEC-E3964E0A3B39}.Debug|Any CPU.ActiveCfg = Debug|Any CPU
		{C1ACB0AC-0FB2-4910-BDEC-E3964E0A3B39}.Debug|Any CPU.Build.0 = Debug|Any CPU
		{C1ACB0AC-0FB2-4910-BDEC-E3964E0A3B39}.Release|Any CPU.ActiveCfg = Release|Any CPU
		{C1ACB0AC-0FB2-4910-BDEC-E3964E0A3B39}.Release|Any CPU.Build.0 = Release|Any CPU
		{BF12D2A8-8C09-49D9-8DDF-C7FBF2E17AB7}.Debug|Any CPU.ActiveCfg = Debug|Any CPU
		{BF12D2A8-8C09-49D9-8DDF-C7FBF2E17AB7}.Debug|Any CPU.Build.0 = Debug|Any CPU
		{BF12D2A8-8C09-49D9-8DDF-C7FBF2E17AB7}.Release|Any CPU.ActiveCfg = Release|Any CPU
		{BF12D2A8-8C09-49D9-8DDF-C7FBF2E17AB7}.Release|Any CPU.Build.0 = Release|Any CPU
		{FE61F3AC-634A-495C-9C59-A12C886DAC52}.Debug|Any CPU.ActiveCfg = Debug|Any CPU
		{FE61F3AC-634A-495C-9C59-A12C886DAC52}.Debug|Any CPU.Build.0 = Debug|Any CPU
		{FE61F3AC-634A-495C-9C59-A12C886DAC52}.Release|Any CPU.ActiveCfg = Release|Any CPU
		{FE61F3AC-634A-495C-9C59-A12C886DAC52}.Release|Any CPU.Build.0 = Release|Any CPU
		{7DDF11D8-5582-44F0-BE72-A0759F05CAB1}.Debug|Any CPU.ActiveCfg = Debug|Any CPU
		{7DDF11D8-5582-44F0-BE72-A0759F05CAB1}.Debug|Any CPU.Build.0 = Debug|Any CPU
		{7DDF11D8-5582-44F0-BE72-A0759F05CAB1}.Release|Any CPU.ActiveCfg = Release|Any CPU
		{7DDF11D8-5582-44F0-BE72-A0759F05CAB1}.Release|Any CPU.Build.0 = Release|Any CPU
		{9ECB545A-12F8-4943-B2F2-EE1597A2C08B}.Debug|Any CPU.ActiveCfg = Debug|Any CPU
		{9ECB545A-12F8-4943-B2F2-EE1597A2C08B}.Debug|Any CPU.Build.0 = Debug|Any CPU
		{9ECB545A-12F8-4943-B2F2-EE1597A2C08B}.Release|Any CPU.ActiveCfg = Release|Any CPU
		{9ECB545A-12F8-4943-B2F2-EE1597A2C08B}.Release|Any CPU.Build.0 = Release|Any CPU
		{008D77F0-2A1E-4F46-A44D-D72427734CCE}.Debug|Any CPU.ActiveCfg = Debug|Any CPU
		{008D77F0-2A1E-4F46-A44D-D72427734CCE}.Debug|Any CPU.Build.0 = Debug|Any CPU
		{008D77F0-2A1E-4F46-A44D-D72427734CCE}.Release|Any CPU.ActiveCfg = Release|Any CPU
		{008D77F0-2A1E-4F46-A44D-D72427734CCE}.Release|Any CPU.Build.0 = Release|Any CPU
	EndGlobalSection
	GlobalSection(SolutionProperties) = preSolution
		HideSolutionNode = FALSE
	EndGlobalSection
	GlobalSection(NestedProjects) = preSolution
		{F42E54CE-F5E2-4327-9B89-BE06DE8A552A} = {A074A64F-39C4-426E-AF8C-4E8387DBEA1C}
		{C1ACB0AC-0FB2-4910-BDEC-E3964E0A3B39} = {A074A64F-39C4-426E-AF8C-4E8387DBEA1C}
		{7DDF11D8-5582-44F0-BE72-A0759F05CAB1} = {A074A64F-39C4-426E-AF8C-4E8387DBEA1C}
		{BF12D2A8-8C09-49D9-8DDF-C7FBF2E17AB7} = {CC63EC6F-9E7F-4F0B-921D-5CBA920FA2B6}
		{FE61F3AC-634A-495C-9C59-A12C886DAC52} = {CC63EC6F-9E7F-4F0B-921D-5CBA920FA2B6}
		{4435922E-C6F4-42AE-A6AC-C1161E30C4BE} = {64281DD6-F85B-4249-966D-332438E35958}
		{69B22B18-DFDC-430D-A753-3BB621EA2876} = {64281DD6-F85B-4249-966D-332438E35958}
		{B829FE87-E827-4C4B-8282-4ABE2D0737CC} = {64281DD6-F85B-4249-966D-332438E35958}
		{B05BE99D-5921-4F4A-8A4D-FED09CC2CEE5} = {7FAA944B-2F3B-4B40-AE66-1FF796E3070A}
		{78154AF2-87A9-4F76-B2C5-425D68E18596} = {7FAA944B-2F3B-4B40-AE66-1FF796E3070A}
		{3EE2B19C-69F0-42F9-B061-E1868DF41A83} = {7FAA944B-2F3B-4B40-AE66-1FF796E3070A}
		{0CA63BD0-5B57-4B6D-AC91-8998637AD29E} = {7FAA944B-2F3B-4B40-AE66-1FF796E3070A}
		{9ECB545A-12F8-4943-B2F2-EE1597A2C08B} = {7FAA944B-2F3B-4B40-AE66-1FF796E3070A}
		{008D77F0-2A1E-4F46-A44D-D72427734CCE} = {7FAA944B-2F3B-4B40-AE66-1FF796E3070A}
	EndGlobalSection
EndGlobal
